// !$*UTF8*$!
{
	archiveVersion = 1;
	classes = {
	};
	objectVersion = 46;
	objects = {

/* Begin PBXBuildFile section */
		D83A13BC1B5592DC00AA8A39 /* main.m in Sources */ = {isa = PBXBuildFile; fileRef = D83A13BB1B5592DC00AA8A39 /* main.m */; };
		D83A13BF1B5592DC00AA8A39 /* AppDelegate.m in Sources */ = {isa = PBXBuildFile; fileRef = D83A13BE1B5592DC00AA8A39 /* AppDelegate.m */; };
		D83A13C21B5592DC00AA8A39 /* SignInViewController.m in Sources */ = {isa = PBXBuildFile; fileRef = D83A13C11B5592DC00AA8A39 /* SignInViewController.m */; };
		D83A13C51B5592DC00AA8A39 /* Main.storyboard in Resources */ = {isa = PBXBuildFile; fileRef = D83A13C31B5592DC00AA8A39 /* Main.storyboard */; };
		D83A13C71B5592DC00AA8A39 /* Images.xcassets in Resources */ = {isa = PBXBuildFile; fileRef = D83A13C61B5592DC00AA8A39 /* Images.xcassets */; };
		D83A13D61B5592DC00AA8A39 /* NSUserDefaults__Segues____Protocols_Challenge_SolutionTests.m in Sources */ = {isa = PBXBuildFile; fileRef = D83A13D51B5592DC00AA8A39 /* NSUserDefaults__Segues____Protocols_Challenge_SolutionTests.m */; };
		D83A13E01B55943B00AA8A39 /* Launch Screen.xib in Resources */ = {isa = PBXBuildFile; fileRef = D83A13DF1B55943B00AA8A39 /* Launch Screen.xib */; };
		D83A13E31B55951200AA8A39 /* CreateAccountViewController.m in Sources */ = {isa = PBXBuildFile; fileRef = D83A13E21B55951200AA8A39 /* CreateAccountViewController.m */; };
/* End PBXBuildFile section */

/* Begin PBXContainerItemProxy section */
		D83A13D01B5592DC00AA8A39 /* PBXContainerItemProxy */ = {
			isa = PBXContainerItemProxy;
			containerPortal = D83A13AE1B5592DC00AA8A39 /* Project object */;
			proxyType = 1;
			remoteGlobalIDString = D83A13B51B5592DC00AA8A39;
			remoteInfo = "NSUserDefaults, Segues, & Protocols Challenge Solution";
		};
/* End PBXContainerItemProxy section */

/* Begin PBXFileReference section */
		D83A13B61B5592DC00AA8A39 /* NSUserDefaults, Segues, & Protocols Challenge Solution.app */ = {isa = PBXFileReference; explicitFileType = wrapper.application; includeInIndex = 0; path = "NSUserDefaults, Segues, & Protocols Challenge Solution.app"; sourceTree = BUILT_PRODUCTS_DIR; };
		D83A13BA1B5592DC00AA8A39 /* Info.plist */ = {isa = PBXFileReference; lastKnownFileType = text.plist.xml; path = Info.plist; sourceTree = "<group>"; };
		D83A13BB1B5592DC00AA8A39 /* main.m */ = {isa = PBXFileReference; lastKnownFileType = sourcecode.c.objc; path = main.m; sourceTree = "<group>"; };
		D83A13BD1B5592DC00AA8A39 /* AppDelegate.h */ = {isa = PBXFileReference; lastKnownFileType = sourcecode.c.h; path = AppDelegate.h; sourceTree = "<group>"; };
		D83A13BE1B5592DC00AA8A39 /* AppDelegate.m */ = {isa = PBXFileReference; lastKnownFileType = sourcecode.c.objc; path = AppDelegate.m; sourceTree = "<group>"; };
		D83A13C01B5592DC00AA8A39 /* SignInViewController.h */ = {isa = PBXFileReference; lastKnownFileType = sourcecode.c.h; path = SignInViewController.h; sourceTree = "<group>"; };
		D83A13C11B5592DC00AA8A39 /* SignInViewController.m */ = {isa = PBXFileReference; lastKnownFileType = sourcecode.c.objc; path = SignInViewController.m; sourceTree = "<group>"; };
		D83A13C41B5592DC00AA8A39 /* Base */ = {isa = PBXFileReference; lastKnownFileType = file.storyboard; name = Base; path = Base.lproj/Main.storyboard; sourceTree = "<group>"; };
		D83A13C61B5592DC00AA8A39 /* Images.xcassets */ = {isa = PBXFileReference; lastKnownFileType = folder.assetcatalog; path = Images.xcassets; sourceTree = "<group>"; };
		D83A13CF1B5592DC00AA8A39 /* NSUserDefaults, Segues, & Protocols Challenge SolutionTests.xctest */ = {isa = PBXFileReference; explicitFileType = wrapper.cfbundle; includeInIndex = 0; path = "NSUserDefaults, Segues, & Protocols Challenge SolutionTests.xctest"; sourceTree = BUILT_PRODUCTS_DIR; };
		D83A13D41B5592DC00AA8A39 /* Info.plist */ = {isa = PBXFileReference; lastKnownFileType = text.plist.xml; path = Info.plist; sourceTree = "<group>"; };
		D83A13D51B5592DC00AA8A39 /* NSUserDefaults__Segues____Protocols_Challenge_SolutionTests.m */ = {isa = PBXFileReference; lastKnownFileType = sourcecode.c.objc; path = "NSUserDefaults__Segues____Protocols_Challenge_SolutionTests.m"; sourceTree = "<group>"; };
		D83A13DF1B55943B00AA8A39 /* Launch Screen.xib */ = {isa = PBXFileReference; fileEncoding = 4; lastKnownFileType = file.xib; path = "Launch Screen.xib"; sourceTree = "<group>"; };
		D83A13E11B55951200AA8A39 /* CreateAccountViewController.h */ = {isa = PBXFileReference; fileEncoding = 4; lastKnownFileType = sourcecode.c.h; path = CreateAccountViewController.h; sourceTree = "<group>"; };
		D83A13E21B55951200AA8A39 /* CreateAccountViewController.m */ = {isa = PBXFileReference; fileEncoding = 4; lastKnownFileType = sourcecode.c.objc; path = CreateAccountViewController.m; sourceTree = "<group>"; };
/* End PBXFileReference section */

/* Begin PBXFrameworksBuildPhase section */
		D83A13B31B5592DC00AA8A39 /* Frameworks */ = {
			isa = PBXFrameworksBuildPhase;
			buildActionMask = 2147483647;
			files = (
			);
			runOnlyForDeploymentPostprocessing = 0;
		};
		D83A13CC1B5592DC00AA8A39 /* Frameworks */ = {
			isa = PBXFrameworksBuildPhase;
			buildActionMask = 2147483647;
			files = (
			);
			runOnlyForDeploymentPostprocessing = 0;
		};
/* End PBXFrameworksBuildPhase section */

/* Begin PBXGroup section */
		D83A13AD1B5592DC00AA8A39 = {
			isa = PBXGroup;
			children = (
				D83A13B81B5592DC00AA8A39 /* NSUserDefaults, Segues, & Protocols Challenge Solution */,
				D83A13D21B5592DC00AA8A39 /* NSUserDefaults, Segues, & Protocols Challenge SolutionTests */,
				D83A13B71B5592DC00AA8A39 /* Products */,
			);
			sourceTree = "<group>";
		};
		D83A13B71B5592DC00AA8A39 /* Products */ = {
			isa = PBXGroup;
			children = (
				D83A13B61B5592DC00AA8A39 /* NSUserDefaults, Segues, & Protocols Challenge Solution.app */,
				D83A13CF1B5592DC00AA8A39 /* NSUserDefaults, Segues, & Protocols Challenge SolutionTests.xctest */,
			);
			name = Products;
			sourceTree = "<group>";
		};
		D83A13B81B5592DC00AA8A39 /* NSUserDefaults, Segues, & Protocols Challenge Solution */ = {
			isa = PBXGroup;
			children = (
				D83A13BD1B5592DC00AA8A39 /* AppDelegate.h */,
				D83A13BE1B5592DC00AA8A39 /* AppDelegate.m */,
				D83A13C01B5592DC00AA8A39 /* SignInViewController.h */,
				D83A13C11B5592DC00AA8A39 /* SignInViewController.m */,
				D83A13E11B55951200AA8A39 /* CreateAccountViewController.h */,
				D83A13E21B55951200AA8A39 /* CreateAccountViewController.m */,
				D83A13C31B5592DC00AA8A39 /* Main.storyboard */,
				D83A13DF1B55943B00AA8A39 /* Launch Screen.xib */,
				D83A13C61B5592DC00AA8A39 /* Images.xcassets */,
				D83A13B91B5592DC00AA8A39 /* Supporting Files */,
			);
			path = "NSUserDefaults, Segues, & Protocols Challenge Solution";
			sourceTree = "<group>";
		};
		D83A13B91B5592DC00AA8A39 /* Supporting Files */ = {
			isa = PBXGroup;
			children = (
				D83A13BA1B5592DC00AA8A39 /* Info.plist */,
				D83A13BB1B5592DC00AA8A39 /* main.m */,
			);
			name = "Supporting Files";
			sourceTree = "<group>";
		};
		D83A13D21B5592DC00AA8A39 /* NSUserDefaults, Segues, & Protocols Challenge SolutionTests */ = {
			isa = PBXGroup;
			children = (
				D83A13D51B5592DC00AA8A39 /* NSUserDefaults__Segues____Protocols_Challenge_SolutionTests.m */,
				D83A13D31B5592DC00AA8A39 /* Supporting Files */,
			);
			path = "NSUserDefaults, Segues, & Protocols Challenge SolutionTests";
			sourceTree = "<group>";
		};
		D83A13D31B5592DC00AA8A39 /* Supporting Files */ = {
			isa = PBXGroup;
			children = (
				D83A13D41B5592DC00AA8A39 /* Info.plist */,
			);
			name = "Supporting Files";
			sourceTree = "<group>";
		};
/* End PBXGroup section */

/* Begin PBXNativeTarget section */
		D83A13B51B5592DC00AA8A39 /* NSUserDefaults, Segues, & Protocols Challenge Solution */ = {
			isa = PBXNativeTarget;
			buildConfigurationList = D83A13D91B5592DC00AA8A39 /* Build configuration list for PBXNativeTarget "NSUserDefaults, Segues, & Protocols Challenge Solution" */;
			buildPhases = (
				D83A13B21B5592DC00AA8A39 /* Sources */,
				D83A13B31B5592DC00AA8A39 /* Frameworks */,
				D83A13B41B5592DC00AA8A39 /* Resources */,
			);
			buildRules = (
			);
			dependencies = (
			);
			name = "NSUserDefaults, Segues, & Protocols Challenge Solution";
			productName = "NSUserDefaults, Segues, & Protocols Challenge Solution";
			productReference = D83A13B61B5592DC00AA8A39 /* NSUserDefaults, Segues, & Protocols Challenge Solution.app */;
			productType = "com.apple.product-type.application";
		};
		D83A13CE1B5592DC00AA8A39 /* NSUserDefaults, Segues, & Protocols Challenge SolutionTests */ = {
			isa = PBXNativeTarget;
			buildConfigurationList = D83A13DC1B5592DC00AA8A39 /* Build configuration list for PBXNativeTarget "NSUserDefaults, Segues, & Protocols Challenge SolutionTests" */;
			buildPhases = (
				D83A13CB1B5592DC00AA8A39 /* Sources */,
				D83A13CC1B5592DC00AA8A39 /* Frameworks */,
				D83A13CD1B5592DC00AA8A39 /* Resources */,
			);
			buildRules = (
			);
			dependencies = (
				D83A13D11B5592DC00AA8A39 /* PBXTargetDependency */,
			);
			name = "NSUserDefaults, Segues, & Protocols Challenge SolutionTests";
			productName = "NSUserDefaults, Segues, & Protocols Challenge SolutionTests";
			productReference = D83A13CF1B5592DC00AA8A39 /* NSUserDefaults, Segues, & Protocols Challenge SolutionTests.xctest */;
			productType = "com.apple.product-type.bundle.unit-test";
		};
/* End PBXNativeTarget section */

/* Begin PBXProject section */
		D83A13AE1B5592DC00AA8A39 /* Project object */ = {
			isa = PBXProject;
			attributes = {
				LastUpgradeCheck = 0640;
				ORGANIZATIONNAME = "Joe Lucero";
				TargetAttributes = {
					D83A13B51B5592DC00AA8A39 = {
						CreatedOnToolsVersion = 6.4;
					};
					D83A13CE1B5592DC00AA8A39 = {
						CreatedOnToolsVersion = 6.4;
						TestTargetID = D83A13B51B5592DC00AA8A39;
					};
				};
			};
			buildConfigurationList = D83A13B11B5592DC00AA8A39 /* Build configuration list for PBXProject "NSUserDefaults, Segues, & Protocols Challenge Solution" */;
			compatibilityVersion = "Xcode 3.2";
			developmentRegion = English;
			hasScannedForEncodings = 0;
			knownRegions = (
				en,
				Base,
			);
			mainGroup = D83A13AD1B5592DC00AA8A39;
			productRefGroup = D83A13B71B5592DC00AA8A39 /* Products */;
			projectDirPath = "";
			projectRoot = "";
			targets = (
				D83A13B51B5592DC00AA8A39 /* NSUserDefaults, Segues, & Protocols Challenge Solution */,
				D83A13CE1B5592DC00AA8A39 /* NSUserDefaults, Segues, & Protocols Challenge SolutionTests */,
			);
		};
/* End PBXProject section */

/* Begin PBXResourcesBuildPhase section */
		D83A13B41B5592DC00AA8A39 /* Resources */ = {
			isa = PBXResourcesBuildPhase;
			buildActionMask = 2147483647;
			files = (
				D83A13C51B5592DC00AA8A39 /* Main.storyboard in Resources */,
				D83A13C71B5592DC00AA8A39 /* Images.xcassets in Resources */,
				D83A13E01B55943B00AA8A39 /* Launch Screen.xib in Resources */,
			);
			runOnlyForDeploymentPostprocessing = 0;
		};
		D83A13CD1B5592DC00AA8A39 /* Resources */ = {
			isa = PBXResourcesBuildPhase;
			buildActionMask = 2147483647;
			files = (
			);
			runOnlyForDeploymentPostprocessing = 0;
		};
/* End PBXResourcesBuildPhase section */

/* Begin PBXSourcesBuildPhase section */
		D83A13B21B5592DC00AA8A39 /* Sources */ = {
			isa = PBXSourcesBuildPhase;
			buildActionMask = 2147483647;
			files = (
				D83A13E31B55951200AA8A39 /* CreateAccountViewController.m in Sources */,
				D83A13C21B5592DC00AA8A39 /* SignInViewController.m in Sources */,
				D83A13BF1B5592DC00AA8A39 /* AppDelegate.m in Sources */,
				D83A13BC1B5592DC00AA8A39 /* main.m in Sources */,
			);
			runOnlyForDeploymentPostprocessing = 0;
		};
		D83A13CB1B5592DC00AA8A39 /* Sources */ = {
			isa = PBXSourcesBuildPhase;
			buildActionMask = 2147483647;
			files = (
				D83A13D61B5592DC00AA8A39 /* NSUserDefaults__Segues____Protocols_Challenge_SolutionTests.m in Sources */,
			);
			runOnlyForDeploymentPostprocessing = 0;
		};
/* End PBXSourcesBuildPhase section */

/* Begin PBXTargetDependency section */
		D83A13D11B5592DC00AA8A39 /* PBXTargetDependency */ = {
			isa = PBXTargetDependency;
			target = D83A13B51B5592DC00AA8A39 /* NSUserDefaults, Segues, & Protocols Challenge Solution */;
			targetProxy = D83A13D01B5592DC00AA8A39 /* PBXContainerItemProxy */;
		};
/* End PBXTargetDependency section */

/* Begin PBXVariantGroup section */
		D83A13C31B5592DC00AA8A39 /* Main.storyboard */ = {
			isa = PBXVariantGroup;
			children = (
				D83A13C41B5592DC00AA8A39 /* Base */,
			);
			name = Main.storyboard;
			sourceTree = "<group>";
		};
/* End PBXVariantGroup section */

/* Begin XCBuildConfiguration section */
		D83A13D71B5592DC00AA8A39 /* Debug */ = {
			isa = XCBuildConfiguration;
			buildSettings = {
				ALWAYS_SEARCH_USER_PATHS = NO;
				CLANG_CXX_LANGUAGE_STANDARD = "gnu++0x";
				CLANG_CXX_LIBRARY = "libc++";
				CLANG_ENABLE_MODULES = YES;
				CLANG_ENABLE_OBJC_ARC = YES;
				CLANG_WARN_BOOL_CONVERSION = YES;
				CLANG_WARN_CONSTANT_CONVERSION = YES;
				CLANG_WARN_DIRECT_OBJC_ISA_USAGE = YES_ERROR;
				CLANG_WARN_EMPTY_BODY = YES;
				CLANG_WARN_ENUM_CONVERSION = YES;
				CLANG_WARN_INT_CONVERSION = YES;
				CLANG_WARN_OBJC_ROOT_CLASS = YES_ERROR;
				CLANG_WARN_UNREACHABLE_CODE = YES;
				CLANG_WARN__DUPLICATE_METHOD_MATCH = YES;
				"CODE_SIGN_IDENTITY[sdk=iphoneos*]" = "iPhone Developer";
				COPY_PHASE_STRIP = NO;
				DEBUG_INFORMATION_FORMAT = "dwarf-with-dsym";
				ENABLE_STRICT_OBJC_MSGSEND = YES;
				GCC_C_LANGUAGE_STANDARD = gnu99;
				GCC_DYNAMIC_NO_PIC = NO;
				GCC_NO_COMMON_BLOCKS = YES;
				GCC_OPTIMIZATION_LEVEL = 0;
				GCC_PREPROCESSOR_DEFINITIONS = (
					"DEBUG=1",
					"$(inherited)",
				);
				GCC_SYMBOLS_PRIVATE_EXTERN = NO;
				GCC_WARN_64_TO_32_BIT_CONVERSION = YES;
				GCC_WARN_ABOUT_RETURN_TYPE = YES_ERROR;
				GCC_WARN_UNDECLARED_SELECTOR = YES;
				GCC_WARN_UNINITIALIZED_AUTOS = YES_AGGRESSIVE;
				GCC_WARN_UNUSED_FUNCTION = YES;
				GCC_WARN_UNUSED_VARIABLE = YES;
				IPHONEOS_DEPLOYMENT_TARGET = 8.4;
				MTL_ENABLE_DEBUG_INFO = YES;
				ONLY_ACTIVE_ARCH = YES;
				SDKROOT = iphoneos;
				TARGETED_DEVICE_FAMILY = "1,2";
			};
			name = Debug;
		};
		D83A13D81B5592DC00AA8A39 /* Release */ = {
			isa = XCBuildConfiguration;
			buildSettings = {
				ALWAYS_SEARCH_USER_PATHS = NO;
				CLANG_CXX_LANGUAGE_STANDARD = "gnu++0x";
				CLANG_CXX_LIBRARY = "libc++";
				CLANG_ENABLE_MODULES = YES;
				CLANG_ENABLE_OBJC_ARC = YES;
				CLANG_WARN_BOOL_CONVERSION = YES;
				CLANG_WARN_CONSTANT_CONVERSION = YES;
				CLANG_WARN_DIRECT_OBJC_ISA_USAGE = YES_ERROR;
				CLANG_WARN_EMPTY_BODY = YES;
				CLANG_WARN_ENUM_CONVERSION = YES;
				CLANG_WARN_INT_CONVERSION = YES;
				CLANG_WARN_OBJC_ROOT_CLASS = YES_ERROR;
				CLANG_WARN_UNREACHABLE_CODE = YES;
				CLANG_WARN__DUPLICATE_METHOD_MATCH = YES;
				"CODE_SIGN_IDENTITY[sdk=iphoneos*]" = "iPhone Developer";
				COPY_PHASE_STRIP = NO;
				DEBUG_INFORMATION_FORMAT = "dwarf-with-dsym";
				ENABLE_NS_ASSERTIONS = NO;
				ENABLE_STRICT_OBJC_MSGSEND = YES;
				GCC_C_LANGUAGE_STANDARD = gnu99;
				GCC_NO_COMMON_BLOCKS = YES;
				GCC_WARN_64_TO_32_BIT_CONVERSION = YES;
				GCC_WARN_ABOUT_RETURN_TYPE = YES_ERROR;
				GCC_WARN_UNDECLARED_SELECTOR = YES;
				GCC_WARN_UNINITIALIZED_AUTOS = YES_AGGRESSIVE;
				GCC_WARN_UNUSED_FUNCTION = YES;
				GCC_WARN_UNUSED_VARIABLE = YES;
				IPHONEOS_DEPLOYMENT_TARGET = 8.4;
				MTL_ENABLE_DEBUG_INFO = NO;
				SDKROOT = iphoneos;
				TARGETED_DEVICE_FAMILY = "1,2";
				VALIDATE_PRODUCT = YES;
			};
			name = Release;
		};
		D83A13DA1B5592DC00AA8A39 /* Debug */ = {
			isa = XCBuildConfiguration;
			buildSettings = {
				ASSETCATALOG_COMPILER_APPICON_NAME = AppIcon;
				INFOPLIST_FILE = "NSUserDefaults, Segues, & Protocols Challenge Solution/Info.plist";
				LD_RUNPATH_SEARCH_PATHS = "$(inherited) @executable_path/Frameworks";
				PRODUCT_NAME = "$(TARGET_NAME)";
			};
			name = Debug;
		};
		D83A13DB1B5592DC00AA8A39 /* Release */ = {
			isa = XCBuildConfiguration;
			buildSettings = {
				ASSETCATALOG_COMPILER_APPICON_NAME = AppIcon;
				INFOPLIST_FILE = "NSUserDefaults, Segues, & Protocols Challenge Solution/Info.plist";
				LD_RUNPATH_SEARCH_PATHS = "$(inherited) @executable_path/Frameworks";
				PRODUCT_NAME = "$(TARGET_NAME)";
			};
			name = Release;
		};
		D83A13DD1B5592DC00AA8A39 /* Debug */ = {
			isa = XCBuildConfiguration;
			buildSettings = {
				BUNDLE_LOADER = "$(TEST_HOST)";
				FRAMEWORK_SEARCH_PATHS = (
					"$(SDKROOT)/Developer/Library/Frameworks",
					"$(inherited)",
				);
				GCC_PREPROCESSOR_DEFINITIONS = (
					"DEBUG=1",
					"$(inherited)",
				);
				INFOPLIST_FILE = "NSUserDefaults, Segues, & Protocols Challenge SolutionTests/Info.plist";
				LD_RUNPATH_SEARCH_PATHS = "$(inherited) @executable_path/Frameworks @loader_path/Frameworks";
				PRODUCT_NAME = "$(TARGET_NAME)";
				TEST_HOST = "$(BUILT_PRODUCTS_DIR)/NSUserDefaults, Segues, & Protocols Challenge Solution.app/NSUserDefaults, Segues, & Protocols Challenge Solution";
			};
			name = Debug;
		};
		D83A13DE1B5592DC00AA8A39 /* Release */ = {
			isa = XCBuildConfiguration;
			buildSettings = {
				BUNDLE_LOADER = "$(TEST_HOST)";
				FRAMEWORK_SEARCH_PATHS = (
					"$(SDKROOT)/Developer/Library/Frameworks",
					"$(inherited)",
				);
				INFOPLIST_FILE = "NSUserDefaults, Segues, & Protocols Challenge SolutionTests/Info.plist";
				LD_RUNPATH_SEARCH_PATHS = "$(inherited) @executable_path/Frameworks @loader_path/Frameworks";
				PRODUCT_NAME = "$(TARGET_NAME)";
				TEST_HOST = "$(BUILT_PRODUCTS_DIR)/NSUserDefaults, Segues, & Protocols Challenge Solution.app/NSUserDefaults, Segues, & Protocols Challenge Solution";
			};
			name = Release;
		};
/* End XCBuildConfiguration section */

/* Begin XCConfigurationList section */
		D83A13B11B5592DC00AA8A39 /* Build configuration list for PBXProject "NSUserDefaults, Segues, & Protocols Challenge Solution" */ = {
			isa = XCConfigurationList;
			buildConfigurations = (
				D83A13D71B5592DC00AA8A39 /* Debug */,
				D83A13D81B5592DC00AA8A39 /* Release */,
			);
			defaultConfigurationIsVisible = 0;
			defaultConfigurationName = Release;
		};
		D83A13D91B5592DC00AA8A39 /* Build configuration list for PBXNativeTarget "NSUserDefaults, Segues, & Protocols Challenge Solution" */ = {
			isa = XCConfigurationList;
			buildConfigurations = (
				D83A13DA1B5592DC00AA8A39 /* Debug */,
				D83A13DB1B5592DC00AA8A39 /* Release */,
			);
			defaultConfigurationIsVisible = 0;
		};
		D83A13DC1B5592DC00AA8A39 /* Build configuration list for PBXNativeTarget "NSUserDefaults, Segues, & Protocols Challenge SolutionTests" */ = {
			isa = XCConfigurationList;
			buildConfigurations = (
				D83A13DD1B5592DC00AA8A39 /* Debug */,
				D83A13DE1B5592DC00AA8A39 /* Release */,
			);
			defaultConfigurationIsVisible = 0;
		};
/* End XCConfigurationList section */
	};
	rootObject = D83A13AE1B5592DC00AA8A39 /* Project object */;
}
